
Microsoft Visual Studio Solution File, Format Version 12.00
# Visual Studio Version 17
VisualStudioVersion = 17.4.33213.308
MinimumVisualStudioVersion = 10.0.40219.1
Project("{FAE04EC0-301F-11D3-BF4B-00C04F79EFBC}") = "Good snake on WPF", "Good snake on WPF\Good snake on WPF.csproj", "{4E6C43B7-FC73-45C3-804A-05111CB4296A}"
EndProject
Global
	GlobalSection(SolutionConfigurationPlatforms) = preSolution
		Debug|Any CPU = Debug|Any CPU
		Release|Any CPU = Release|Any CPU
	EndGlobalSection
	GlobalSection(ProjectConfigurationPlatforms) = postSolution
		{4E6C43B7-FC73-45C3-804A-05111CB4296A}.Debug|Any CPU.ActiveCfg = Debug|Any CPU
		{4E6C43B7-FC73-45C3-804A-05111CB4296A}.Debug|Any CPU.Build.0 = Debug|Any CPU
		{4E6C43B7-FC73-45C3-804A-05111CB4296A}.Release|Any CPU.ActiveCfg = Release|Any CPU
		{4E6C43B7-FC73-45C3-804A-05111CB4296A}.Release|Any CPU.Build.0 = Release|Any CPU
	EndGlobalSection
	GlobalSection(SolutionProperties) = preSolution
		HideSolutionNode = FALSE
	EndGlobalSection
	GlobalSection(ExtensibilityGlobals) = postSolution
		SolutionGuid = {C18C9922-10AA-4DE2-AF8E-7094AC9CB20D}
	EndGlobalSection
EndGlobal
